
Microsoft Visual Studio Solution File, Format Version 12.00
# Visual Studio Version 17
VisualStudioVersion = 17.3.32804.467
MinimumVisualStudioVersion = 10.0.40219.1
Project("{FAE04EC0-301F-11D3-BF4B-00C04F79EFBC}") = "RnR1", "RnR1\RnR1.csproj", "{541D2A9C-A6D1-4A66-84A0-AA202B958700}"
EndProject
Global
	GlobalSection(SolutionConfigurationPlatforms) = preSolution
		Debug|Any CPU = Debug|Any CPU
		Release|Any CPU = Release|Any CPU
	EndGlobalSection
	GlobalSection(ProjectConfigurationPlatforms) = postSolution
		{541D2A9C-A6D1-4A66-84A0-AA202B958700}.Debug|Any CPU.ActiveCfg = Debug|Any CPU
		{541D2A9C-A6D1-4A66-84A0-AA202B958700}.Debug|Any CPU.Build.0 = Debug|Any CPU
		{541D2A9C-A6D1-4A66-84A0-AA202B958700}.Release|Any CPU.ActiveCfg = Release|Any CPU
		{541D2A9C-A6D1-4A66-84A0-AA202B958700}.Release|Any CPU.Build.0 = Release|Any CPU
	EndGlobalSection
	GlobalSection(SolutionProperties) = preSolution
		HideSolutionNode = FALSE
	EndGlobalSection
	GlobalSection(ExtensibilityGlobals) = postSolution
		SolutionGuid = {5491C6CF-5D7D-4F27-B00D-FF40AD9C16F0}
	EndGlobalSection
EndGlobal
